// !$*UTF8*$!
{
	archiveVersion = 1;
	classes = {
	};
	objectVersion = 46;
	objects = {

/* Begin PBXBuildFile section */
		C0CA042E1EE5440C0002C9CE /* AppDelegate.swift in Sources */ = {isa = PBXBuildFile; fileRef = C0CA042D1EE5440C0002C9CE /* AppDelegate.swift */; };
		C0CA04301EE5440C0002C9CE /* ViewController.swift in Sources */ = {isa = PBXBuildFile; fileRef = C0CA042F1EE5440C0002C9CE /* ViewController.swift */; };
		C0CA04331EE5440C0002C9CE /* Main.storyboard in Resources */ = {isa = PBXBuildFile; fileRef = C0CA04311EE5440C0002C9CE /* Main.storyboard */; };
		C0CA04361EE5440C0002C9CE /* textViewInput.xcdatamodeld in Sources */ = {isa = PBXBuildFile; fileRef = C0CA04341EE5440C0002C9CE /* textViewInput.xcdatamodeld */; };
		C0CA04381EE5440C0002C9CE /* Assets.xcassets in Resources */ = {isa = PBXBuildFile; fileRef = C0CA04371EE5440C0002C9CE /* Assets.xcassets */; };
		C0CA043B1EE5440C0002C9CE /* LaunchScreen.storyboard in Resources */ = {isa = PBXBuildFile; fileRef = C0CA04391EE5440C0002C9CE /* LaunchScreen.storyboard */; };
/* End PBXBuildFile section */

/* Begin PBXFileReference section */
		C0CA042A1EE5440C0002C9CE /* textViewInput.app */ = {isa = PBXFileReference; explicitFileType = wrapper.application; includeInIndex = 0; path = textViewInput.app; sourceTree = BUILT_PRODUCTS_DIR; };
		C0CA042D1EE5440C0002C9CE /* AppDelegate.swift */ = {isa = PBXFileReference; lastKnownFileType = sourcecode.swift; path = AppDelegate.swift; sourceTree = "<group>"; };
		C0CA042F1EE5440C0002C9CE /* ViewController.swift */ = {isa = PBXFileReference; lastKnownFileType = sourcecode.swift; path = ViewController.swift; sourceTree = "<group>"; };
		C0CA04321EE5440C0002C9CE /* Base */ = {isa = PBXFileReference; lastKnownFileType = file.storyboard; name = Base; path = Base.lproj/Main.storyboard; sourceTree = "<group>"; };
		C0CA04351EE5440C0002C9CE /* textViewInput.xcdatamodel */ = {isa = PBXFileReference; lastKnownFileType = wrapper.xcdatamodel; path = textViewInput.xcdatamodel; sourceTree = "<group>"; };
		C0CA04371EE5440C0002C9CE /* Assets.xcassets */ = {isa = PBXFileReference; lastKnownFileType = folder.assetcatalog; path = Assets.xcassets; sourceTree = "<group>"; };
		C0CA043A1EE5440C0002C9CE /* Base */ = {isa = PBXFileReference; lastKnownFileType = file.storyboard; name = Base; path = Base.lproj/LaunchScreen.storyboard; sourceTree = "<group>"; };
		C0CA043C1EE5440C0002C9CE /* Info.plist */ = {isa = PBXFileReference; lastKnownFileType = text.plist.xml; path = Info.plist; sourceTree = "<group>"; };
/* End PBXFileReference section */

/* Begin PBXFrameworksBuildPhase section */
		C0CA04271EE5440C0002C9CE /* Frameworks */ = {
			isa = PBXFrameworksBuildPhase;
			buildActionMask = 2147483647;
			files = (
			);
			runOnlyForDeploymentPostprocessing = 0;
		};
/* End PBXFrameworksBuildPhase section */

/* Begin PBXGroup section */
		C0CA04211EE5440C0002C9CE = {
			isa = PBXGroup;
			children = (
				C0CA042C1EE5440C0002C9CE /* textViewInput */,
				C0CA042B1EE5440C0002C9CE /* Products */,
			);
			sourceTree = "<group>";
		};
		C0CA042B1EE5440C0002C9CE /* Products */ = {
			isa = PBXGroup;
			children = (
				C0CA042A1EE5440C0002C9CE /* textViewInput.app */,
			);
			name = Products;
			sourceTree = "<group>";
		};
		C0CA042C1EE5440C0002C9CE /* textViewInput */ = {
			isa = PBXGroup;
			children = (
				C0CA042D1EE5440C0002C9CE /* AppDelegate.swift */,
				C0CA042F1EE5440C0002C9CE /* ViewController.swift */,
				C0CA04311EE5440C0002C9CE /* Main.storyboard */,
				C0CA04371EE5440C0002C9CE /* Assets.xcassets */,
				C0CA04391EE5440C0002C9CE /* LaunchScreen.storyboard */,
				C0CA043C1EE5440C0002C9CE /* Info.plist */,
				C0CA04341EE5440C0002C9CE /* textViewInput.xcdatamodeld */,
			);
			path = textViewInput;
			sourceTree = "<group>";
		};
/* End PBXGroup section */

/* Begin PBXNativeTarget section */
		C0CA04291EE5440C0002C9CE /* textViewInput */ = {
			isa = PBXNativeTarget;
			buildConfigurationList = C0CA043F1EE5440C0002C9CE /* Build configuration list for PBXNativeTarget "textViewInput" */;
			buildPhases = (
				C0CA04261EE5440C0002C9CE /* Sources */,
				C0CA04271EE5440C0002C9CE /* Frameworks */,
				C0CA04281EE5440C0002C9CE /* Resources */,
			);
			buildRules = (
			);
			dependencies = (
			);
			name = textViewInput;
			productName = textViewInput;
			productReference = C0CA042A1EE5440C0002C9CE /* textViewInput.app */;
			productType = "com.apple.product-type.application";
		};
/* End PBXNativeTarget section */

/* Begin PBXProject section */
		C0CA04221EE5440C0002C9CE /* Project object */ = {
			isa = PBXProject;
			attributes = {
				LastSwiftUpdateCheck = 0830;
				LastUpgradeCheck = 0830;
				ORGANIZATIONNAME = "詹啟德";
				TargetAttributes = {
					C0CA04291EE5440C0002C9CE = {
						CreatedOnToolsVersion = 8.3.2;
						DevelopmentTeam = 5RGDU8CU56;
						ProvisioningStyle = Automatic;
					};
				};
			};
			buildConfigurationList = C0CA04251EE5440C0002C9CE /* Build configuration list for PBXProject "textViewInput" */;
			compatibilityVersion = "Xcode 3.2";
			developmentRegion = English;
			hasScannedForEncodings = 0;
			knownRegions = (
				en,
				Base,
			);
			mainGroup = C0CA04211EE5440C0002C9CE;
			productRefGroup = C0CA042B1EE5440C0002C9CE /* Products */;
			projectDirPath = "";
			projectRoot = "";
			targets = (
				C0CA04291EE5440C0002C9CE /* textViewInput */,
			);
		};
/* End PBXProject section */

/* Begin PBXResourcesBuildPhase section */
		C0CA04281EE5440C0002C9CE /* Resources */ = {
			isa = PBXResourcesBuildPhase;
			buildActionMask = 2147483647;
			files = (
				C0CA043B1EE5440C0002C9CE /* LaunchScreen.storyboard in Resources */,
				C0CA04381EE5440C0002C9CE /* Assets.xcassets in Resources */,
				C0CA04331EE5440C0002C9CE /* Main.storyboard in Resources */,
			);
			runOnlyForDeploymentPostprocessing = 0;
		};
/* End PBXResourcesBuildPhase section */

/* Begin PBXSourcesBuildPhase section */
		C0CA04261EE5440C0002C9CE /* Sources */ = {
			isa = PBXSourcesBuildPhase;
			buildActionMask = 2147483647;
			files = (
				C0CA04361EE5440C0002C9CE /* textViewInput.xcdatamodeld in Sources */,
				C0CA04301EE5440C0002C9CE /* ViewController.swift in Sources */,
				C0CA042E1EE5440C0002C9CE /* AppDelegate.swift in Sources */,
			);
			runOnlyForDeploymentPostprocessing = 0;
		};
/* End PBXSourcesBuildPhase section */

/* Begin PBXVariantGroup section */
		C0CA04311EE5440C0002C9CE /* Main.storyboard */ = {
			isa = PBXVariantGroup;
			children = (
				C0CA04321EE5440C0002C9CE /* Base */,
			);
			name = Main.storyboard;
			sourceTree = "<group>";
		};
		C0CA04391EE5440C0002C9CE /* LaunchScreen.storyboard */ = {
			isa = PBXVariantGroup;
			children = (
				C0CA043A1EE5440C0002C9CE /* Base */,
			);
			name = LaunchScreen.storyboard;
			sourceTree = "<group>";
		};
/* End PBXVariantGroup section */

/* Begin XCBuildConfiguration section */
		C0CA043D1EE5440C0002C9CE /* Debug */ = {
			isa = XCBuildConfiguration;
			buildSettings = {
				ALWAYS_SEARCH_USER_PATHS = NO;
				CLANG_ANALYZER_NONNULL = YES;
				CLANG_ANALYZER_NUMBER_OBJECT_CONVERSION = YES_AGGRESSIVE;
				CLANG_CXX_LANGUAGE_STANDARD = "gnu++0x";
				CLANG_CXX_LIBRARY = "libc++";
				CLANG_ENABLE_MODULES = YES;
				CLANG_ENABLE_OBJC_ARC = YES;
				CLANG_WARN_BOOL_CONVERSION = YES;
				CLANG_WARN_CONSTANT_CONVERSION = YES;
				CLANG_WARN_DIRECT_OBJC_ISA_USAGE = YES_ERROR;
				CLANG_WARN_DOCUMENTATION_COMMENTS = YES;
				CLANG_WARN_EMPTY_BODY = YES;
				CLANG_WARN_ENUM_CONVERSION = YES;
				CLANG_WARN_INFINITE_RECURSION = YES;
				CLANG_WARN_INT_CONVERSION = YES;
				CLANG_WARN_OBJC_ROOT_CLASS = YES_ERROR;
				CLANG_WARN_SUSPICIOUS_MOVE = YES;
				CLANG_WARN_UNREACHABLE_CODE = YES;
				CLANG_WARN__DUPLICATE_METHOD_MATCH = YES;
				"CODE_SIGN_IDENTITY[sdk=iphoneos*]" = "iPhone Developer";
				COPY_PHASE_STRIP = NO;
				DEBUG_INFORMATION_FORMAT = dwarf;
				ENABLE_STRICT_OBJC_MSGSEND = YES;
				ENABLE_TESTABILITY = YES;
				GCC_C_LANGUAGE_STANDARD = gnu99;
				GCC_DYNAMIC_NO_PIC = NO;
				GCC_NO_COMMON_BLOCKS = YES;
				GCC_OPTIMIZATION_LEVEL = 0;
				GCC_PREPROCESSOR_DEFINITIONS = (
					"DEBUG=1",
					"$(inherited)",
				);
				GCC_WARN_64_TO_32_BIT_CONVERSION = YES;
				GCC_WARN_ABOUT_RETURN_TYPE = YES_ERROR;
				GCC_WARN_UNDECLARED_SELECTOR = YES;
				GCC_WARN_UNINITIALIZED_AUTOS = YES_AGGRESSIVE;
				GCC_WARN_UNUSED_FUNCTION = YES;
				GCC_WARN_UNUSED_VARIABLE = YES;
				IPHONEOS_DEPLOYMENT_TARGET = 10.3;
				MTL_ENABLE_DEBUG_INFO = YES;
				ONLY_ACTIVE_ARCH = YES;
				SDKROOT = iphoneos;
				SWIFT_ACTIVE_COMPILATION_CONDITIONS = DEBUG;
				SWIFT_OPTIMIZATION_LEVEL = "-Onone";
			};
			name = Debug;
		};
		C0CA043E1EE5440C0002C9CE /* Release */ = {
			isa = XCBuildConfiguration;
			buildSettings = {
				ALWAYS_SEARCH_USER_PATHS = NO;
				CLANG_ANALYZER_NONNULL = YES;
				CLANG_ANALYZER_NUMBER_OBJECT_CONVERSION = YES_AGGRESSIVE;
				CLANG_CXX_LANGUAGE_STANDARD = "gnu++0x";
				CLANG_CXX_LIBRARY = "libc++";
				CLANG_ENABLE_MODULES = YES;
				CLANG_ENABLE_OBJC_ARC = YES;
				CLANG_WARN_BOOL_CONVERSION = YES;
				CLANG_WARN_CONSTANT_CONVERSION = YES;
				CLANG_WARN_DIRECT_OBJC_ISA_USAGE = YES_ERROR;
				CLANG_WARN_DOCUMENTATION_COMMENTS = YES;
				CLANG_WARN_EMPTY_BODY = YES;
				CLANG_WARN_ENUM_CONVERSION = YES;
				CLANG_WARN_INFINITE_RECURSION = YES;
				CLANG_WARN_INT_CONVERSION = YES;
				CLANG_WARN_OBJC_ROOT_CLASS = YES_ERROR;
				CLANG_WARN_SUSPICIOUS_MOVE = YES;
				CLANG_WARN_UNREACHABLE_CODE = YES;
				CLANG_WARN__DUPLICATE_METHOD_MATCH = YES;
				"CODE_SIGN_IDENTITY[sdk=iphoneos*]" = "iPhone Developer";
				COPY_PHASE_STRIP = NO;
				DEBUG_INFORMATION_FORMAT = "dwarf-with-dsym";
				ENABLE_NS_ASSERTIONS = NO;
				ENABLE_STRICT_OBJC_MSGSEND = YES;
				GCC_C_LANGUAGE_STANDARD = gnu99;
				GCC_NO_COMMON_BLOCKS = YES;
				GCC_WARN_64_TO_32_BIT_CONVERSION = YES;
				GCC_WARN_ABOUT_RETURN_TYPE = YES_ERROR;
				GCC_WARN_UNDECLARED_SELECTOR = YES;
				GCC_WARN_UNINITIALIZED_AUTOS = YES_AGGRESSIVE;
				GCC_WARN_UNUSED_FUNCTION = YES;
				GCC_WARN_UNUSED_VARIABLE = YES;
				IPHONEOS_DEPLOYMENT_TARGET = 10.3;
				MTL_ENABLE_DEBUG_INFO = NO;
				SDKROOT = iphoneos;
				SWIFT_OPTIMIZATION_LEVEL = "-Owholemodule";
				VALIDATE_PRODUCT = YES;
			};
			name = Release;
		};
		C0CA04401EE5440C0002C9CE /* Debug */ = {
			isa = XCBuildConfiguration;
			buildSettings = {
				ASSETCATALOG_COMPILER_APPICON_NAME = AppIcon;
				DEVELOPMENT_TEAM = 5RGDU8CU56;
				INFOPLIST_FILE = textViewInput/Info.plist;
				LD_RUNPATH_SEARCH_PATHS = "$(inherited) @executable_path/Frameworks";
				PRODUCT_BUNDLE_IDENTIFIER = io.github.kkkkiii222.textViewInput;
				PRODUCT_NAME = "$(TARGET_NAME)";
				SWIFT_VERSION = 3.0;
			};
			name = Debug;
		};
		C0CA04411EE5440C0002C9CE /* Release */ = {
			isa = XCBuildConfiguration;
			buildSettings = {
				ASSETCATALOG_COMPILER_APPICON_NAME = AppIcon;
				DEVELOPMENT_TEAM = 5RGDU8CU56;
				INFOPLIST_FILE = textViewInput/Info.plist;
				LD_RUNPATH_SEARCH_PATHS = "$(inherited) @executable_path/Frameworks";
				PRODUCT_BUNDLE_IDENTIFIER = io.github.kkkkiii222.textViewInput;
				PRODUCT_NAME = "$(TARGET_NAME)";
				SWIFT_VERSION = 3.0;
			};
			name = Release;
		};
/* End XCBuildConfiguration section */

/* Begin XCConfigurationList section */
		C0CA04251EE5440C0002C9CE /* Build configuration list for PBXProject "textViewInput" */ = {
			isa = XCConfigurationList;
			buildConfigurations = (
				C0CA043D1EE5440C0002C9CE /* Debug */,
				C0CA043E1EE5440C0002C9CE /* Release */,
			);
			defaultConfigurationIsVisible = 0;
			defaultConfigurationName = Release;
		};
		C0CA043F1EE5440C0002C9CE /* Build configuration list for PBXNativeTarget "textViewInput" */ = {
			isa = XCConfigurationList;
			buildConfigurations = (
				C0CA04401EE5440C0002C9CE /* Debug */,
				C0CA04411EE5440C0002C9CE /* Release */,
			);
			defaultConfigurationIsVisible = 0;
		};
/* End XCConfigurationList section */

/* Begin XCVersionGroup section */
		C0CA04341EE5440C0002C9CE /* textViewInput.xcdatamodeld */ = {
			isa = XCVersionGroup;
			children = (
				C0CA04351EE5440C0002C9CE /* textViewInput.xcdatamodel */,
			);
			currentVersion = C0CA04351EE5440C0002C9CE /* textViewInput.xcdatamodel */;
			path = textViewInput.xcdatamodeld;
			sourceTree = "<group>";
			versionGroupType = wrapper.xcdatamodel;
		};
/* End XCVersionGroup section */
	};
	rootObject = C0CA04221EE5440C0002C9CE /* Project object */;
}
